
Microsoft Visual Studio Solution File, Format Version 12.00
# Visual Studio Version 16
VisualStudioVersion = 16.0.29905.134
MinimumVisualStudioVersion = 10.0.40219.1
Project("{FAE04EC0-301F-11D3-BF4B-00C04F79EFBC}") = "Payroll", "Payroll\Payroll.csproj", "{762508F9-974D-458C-B373-57E0899D0ADF}"
EndProject
Global
	GlobalSection(SolutionConfigurationPlatforms) = preSolution
		Debug|Any CPU = Debug|Any CPU
		Release|Any CPU = Release|Any CPU
	EndGlobalSection
	GlobalSection(ProjectConfigurationPlatforms) = postSolution
		{762508F9-974D-458C-B373-57E0899D0ADF}.Debug|Any CPU.ActiveCfg = Debug|Any CPU
		{762508F9-974D-458C-B373-57E0899D0ADF}.Debug|Any CPU.Build.0 = Debug|Any CPU
		{762508F9-974D-458C-B373-57E0899D0ADF}.Release|Any CPU.ActiveCfg = Release|Any CPU
		{762508F9-974D-458C-B373-57E0899D0ADF}.Release|Any CPU.Build.0 = Release|Any CPU
	EndGlobalSection
	GlobalSection(SolutionProperties) = preSolution
		HideSolutionNode = FALSE
	EndGlobalSection
	GlobalSection(ExtensibilityGlobals) = postSolution
		SolutionGuid = {100367D2-FFCF-46B9-B70A-DC7112314584}
	EndGlobalSection
EndGlobal
